Microsoft Visual Studio Solution File, Format Version 11.00
# Visual Studio 2010
Project("{2150E333-8FDC-42A3-9474-1A3956D46DE8}") = "LocalizeRC", "LocalizeRC", "{C72027FF-178A-4CD7-AAC0-082EE8CEB49A}"
EndProject
Project("{8BC9CEB8-8B4A-11D0-8D11-00A0C91BC942}") = "SageThumbs", "..\SageThumbs\SageThumbs_10.vcxproj", "{D63F7293-39CC-4B91-88A6-1C3855EE5DC3}"
	ProjectSection(ProjectDependencies) = postProject
		{8FBC691B-D1E0-40F9-8943-4B45A8BEF10A} = {8FBC691B-D1E0-40F9-8943-4B45A8BEF10A}
		{DCD6131E-89F0-4123-9831-8E1A515F7404} = {DCD6131E-89F0-4123-9831-8E1A515F7404}
		{DCD6131E-89F0-4123-9831-8E1A515F7450} = {DCD6131E-89F0-4123-9831-8E1A515F7450}
		{DCD6131E-89F0-4123-9831-8E1A515F745D} = {DCD6131E-89F0-4123-9831-8E1A515F745D}
		{DCD6131E-89F0-4123-9831-8E1A515F745E} = {DCD6131E-89F0-4123-9831-8E1A515F745E}
	EndProjectSection
EndProject
Project("{8BC9CEB8-8B4A-11D0-8D11-00A0C91BC942}") = "French", "..\SageThumbs\French\French_10.vcxproj", "{8FBC691B-D1E0-40F9-8943-4B45A8BEF1ED}"
EndProject
Project("{8BC9CEB8-8B4A-11D0-8D11-00A0C91BC942}") = "Russian", "..\SageThumbs\Russian\Russian_10.vcxproj", "{DCD6131E-89F0-4123-9831-8E1A515F745C}"
EndProject
Project("{8BC9CEB8-8B4A-11D0-8D11-00A0C91BC942}") = "sqlite3", "..\sqlite3\sqlite3_10.vcxproj", "{0A0B10C7-CDF6-4A48-8F7B-B66A88154AAE}"
EndProject
Project("{8BC9CEB8-8B4A-11D0-8D11-00A0C91BC942}") = "setup", "..\setup\setup_10.vcxproj", "{FB2891A0-17D9-46A1-AF30-634DE6EA99E9}"
	ProjectSection(ProjectDependencies) = postProject
		{8FBC691B-D1E0-40F9-8943-4B45A8BEF10A} = {8FBC691B-D1E0-40F9-8943-4B45A8BEF10A}
		{DCD6131E-89F0-4123-9831-8E1A515F7404} = {DCD6131E-89F0-4123-9831-8E1A515F7404}
		{DCD6131E-89F0-4123-9831-8E1A515F7450} = {DCD6131E-89F0-4123-9831-8E1A515F7450}
		{DCD6131E-89F0-4123-9831-8E1A515F745D} = {DCD6131E-89F0-4123-9831-8E1A515F745D}
		{DCD6131E-89F0-4123-9831-8E1A515F745E} = {DCD6131E-89F0-4123-9831-8E1A515F745E}
	EndProjectSection
EndProject
Project("{8BC9CEB8-8B4A-11D0-8D11-00A0C91BC942}") = "German", "..\SageThumbs\German\German_10.vcxproj", "{8FBC691B-D1E0-40F9-8943-4B45A8BEF1EF}"
EndProject
Project("{8BC9CEB8-8B4A-11D0-8D11-00A0C91BC942}") = "LocalizeRC", "..\LocalizeRC\LocalizeRC_10.vcxproj", "{01ED3B3B-8B26-43DD-8BBF-FA0FCB58C4A9}"
EndProject
Project("{8BC9CEB8-8B4A-11D0-8D11-00A0C91BC942}") = "German", "..\LocalizeRC\German\German_10.vcxproj", "{923FD29C-BF1A-49D3-8771-59E5259A7ACD}"
EndProject
Project("{2150E333-8FDC-42A3-9474-1A3956D46DE8}") = "Translations", "Translations", "{0178EC46-DC39-48FB-B938-F903E4E91DFB}"
EndProject
Project("{8BC9CEB8-8B4A-11D0-8D11-00A0C91BC942}") = "Italian", "..\SageThumbs\Italian\Italian_10.vcxproj", "{DCD6131E-89F0-4123-9831-8E1A515F7450}"
EndProject
Project("{8BC9CEB8-8B4A-11D0-8D11-00A0C91BC942}") = "Portuguese", "..\SageThumbs\Portuguese\Portuguese_10.vcxproj", "{DCD6131E-89F0-4123-9831-8E1A515F745E}"
EndProject
Project("{8BC9CEB8-8B4A-11D0-8D11-00A0C91BC942}") = "Swedish", "..\SageThumbs\Swedish\Swedish_10.vcxproj", "{DCD6131E-89F0-4123-9831-8E1A515F745D}"
EndProject
Project("{8BC9CEB8-8B4A-11D0-8D11-00A0C91BC942}") = "Chinese", "..\SageThumbs\Chinese\Chinese_10.vcxproj", "{DCD6131E-89F0-4123-9831-8E1A515F7404}"
EndProject
Project("{8BC9CEB8-8B4A-11D0-8D11-00A0C91BC942}") = "Spanish", "..\SageThumbs\Spanish\Spanish_10.vcxproj", "{8FBC691B-D1E0-40F9-8943-4B45A8BEF10A}"
EndProject
Global
	GlobalSection(SolutionConfigurationPlatforms) = preSolution
		Debug|Win32 = Debug|Win32
		Debug|x64 = Debug|x64
		Release|Win32 = Release|Win32
		Release|x64 = Release|x64
	EndGlobalSection
	GlobalSection(ProjectConfigurationPlatforms) = postSolution
		{D63F7293-39CC-4B91-88A6-1C3855EE5DC3}.Debug|Win32.ActiveCfg = Debug|Win32
		{D63F7293-39CC-4B91-88A6-1C3855EE5DC3}.Debug|Win32.Build.0 = Debug|Win32
		{D63F7293-39CC-4B91-88A6-1C3855EE5DC3}.Debug|x64.ActiveCfg = Debug|x64
		{D63F7293-39CC-4B91-88A6-1C3855EE5DC3}.Debug|x64.Build.0 = Debug|x64
		{D63F7293-39CC-4B91-88A6-1C3855EE5DC3}.Release|Win32.ActiveCfg = Release|Win32
		{D63F7293-39CC-4B91-88A6-1C3855EE5DC3}.Release|Win32.Build.0 = Release|Win32
		{D63F7293-39CC-4B91-88A6-1C3855EE5DC3}.Release|x64.ActiveCfg = Release|x64
		{D63F7293-39CC-4B91-88A6-1C3855EE5DC3}.Release|x64.Build.0 = Release|x64
		{8FBC691B-D1E0-40F9-8943-4B45A8BEF1ED}.Debug|Win32.ActiveCfg = Debug|Win32
		{8FBC691B-D1E0-40F9-8943-4B45A8BEF1ED}.Debug|Win32.Build.0 = Debug|Win32
		{8FBC691B-D1E0-40F9-8943-4B45A8BEF1ED}.Debug|x64.ActiveCfg = Debug|x64
		{8FBC691B-D1E0-40F9-8943-4B45A8BEF1ED}.Debug|x64.Build.0 = Debug|x64
		{8FBC691B-D1E0-40F9-8943-4B45A8BEF1ED}.Release|Win32.ActiveCfg = Release|Win32
		{8FBC691B-D1E0-40F9-8943-4B45A8BEF1ED}.Release|Win32.Build.0 = Release|Win32
		{8FBC691B-D1E0-40F9-8943-4B45A8BEF1ED}.Release|x64.ActiveCfg = Release|x64
		{8FBC691B-D1E0-40F9-8943-4B45A8BEF1ED}.Release|x64.Build.0 = Release|x64
		{DCD6131E-89F0-4123-9831-8E1A515F745C}.Debug|Win32.ActiveCfg = Debug|Win32
		{DCD6131E-89F0-4123-9831-8E1A515F745C}.Debug|Win32.Build.0 = Debug|Win32
		{DCD6131E-89F0-4123-9831-8E1A515F745C}.Debug|x64.ActiveCfg = Debug|x64
		{DCD6131E-89F0-4123-9831-8E1A515F745C}.Debug|x64.Build.0 = Debug|x64
		{DCD6131E-89F0-4123-9831-8E1A515F745C}.Release|Win32.ActiveCfg = Release|Win32
		{DCD6131E-89F0-4123-9831-8E1A515F745C}.Release|Win32.Build.0 = Release|Win32
		{DCD6131E-89F0-4123-9831-8E1A515F745C}.Release|x64.ActiveCfg = Release|x64
		{DCD6131E-89F0-4123-9831-8E1A515F745C}.Release|x64.Build.0 = Release|x64
		{0A0B10C7-CDF6-4A48-8F7B-B66A88154AAE}.Debug|Win32.ActiveCfg = Debug|Win32
		{0A0B10C7-CDF6-4A48-8F7B-B66A88154AAE}.Debug|Win32.Build.0 = Debug|Win32
		{0A0B10C7-CDF6-4A48-8F7B-B66A88154AAE}.Debug|x64.ActiveCfg = Debug|x64
		{0A0B10C7-CDF6-4A48-8F7B-B66A88154AAE}.Debug|x64.Build.0 = Debug|x64
		{0A0B10C7-CDF6-4A48-8F7B-B66A88154AAE}.Release|Win32.ActiveCfg = Release|Win32
		{0A0B10C7-CDF6-4A48-8F7B-B66A88154AAE}.Release|Win32.Build.0 = Release|Win32
		{0A0B10C7-CDF6-4A48-8F7B-B66A88154AAE}.Release|x64.ActiveCfg = Release|x64
		{0A0B10C7-CDF6-4A48-8F7B-B66A88154AAE}.Release|x64.Build.0 = Release|x64
		{FB2891A0-17D9-46A1-AF30-634DE6EA99E9}.Debug|Win32.ActiveCfg = Debug|Win32
		{FB2891A0-17D9-46A1-AF30-634DE6EA99E9}.Debug|Win32.Build.0 = Debug|Win32
		{FB2891A0-17D9-46A1-AF30-634DE6EA99E9}.Debug|x64.ActiveCfg = Debug|x64
		{FB2891A0-17D9-46A1-AF30-634DE6EA99E9}.Debug|x64.Build.0 = Debug|x64
		{FB2891A0-17D9-46A1-AF30-634DE6EA99E9}.Release|Win32.ActiveCfg = Release|Win32
		{FB2891A0-17D9-46A1-AF30-634DE6EA99E9}.Release|Win32.Build.0 = Release|Win32
		{FB2891A0-17D9-46A1-AF30-634DE6EA99E9}.Release|x64.ActiveCfg = Release|x64
		{FB2891A0-17D9-46A1-AF30-634DE6EA99E9}.Release|x64.Build.0 = Release|x64
		{8FBC691B-D1E0-40F9-8943-4B45A8BEF1EF}.Debug|Win32.ActiveCfg = Debug|Win32
		{8FBC691B-D1E0-40F9-8943-4B45A8BEF1EF}.Debug|Win32.Build.0 = Debug|Win32
		{8FBC691B-D1E0-40F9-8943-4B45A8BEF1EF}.Debug|x64.ActiveCfg = Debug|x64
		{8FBC691B-D1E0-40F9-8943-4B45A8BEF1EF}.Debug|x64.Build.0 = Debug|x64
		{8FBC691B-D1E0-40F9-8943-4B45A8BEF1EF}.Release|Win32.ActiveCfg = Release|Win32
		{8FBC691B-D1E0-40F9-8943-4B45A8BEF1EF}.Release|Win32.Build.0 = Release|Win32
		{8FBC691B-D1E0-40F9-8943-4B45A8BEF1EF}.Release|x64.ActiveCfg = Release|x64
		{8FBC691B-D1E0-40F9-8943-4B45A8BEF1EF}.Release|x64.Build.0 = Release|x64
		{01ED3B3B-8B26-43DD-8BBF-FA0FCB58C4A9}.Debug|Win32.ActiveCfg = Debug|Win32
		{01ED3B3B-8B26-43DD-8BBF-FA0FCB58C4A9}.Debug|Win32.Build.0 = Debug|Win32
		{01ED3B3B-8B26-43DD-8BBF-FA0FCB58C4A9}.Debug|x64.ActiveCfg = Debug|Win32
		{01ED3B3B-8B26-43DD-8BBF-FA0FCB58C4A9}.Debug|x64.Build.0 = Debug|Win32
		{01ED3B3B-8B26-43DD-8BBF-FA0FCB58C4A9}.Release|Win32.ActiveCfg = Release|Win32
		{01ED3B3B-8B26-43DD-8BBF-FA0FCB58C4A9}.Release|Win32.Build.0 = Release|Win32
		{01ED3B3B-8B26-43DD-8BBF-FA0FCB58C4A9}.Release|x64.ActiveCfg = Release|Win32
		{01ED3B3B-8B26-43DD-8BBF-FA0FCB58C4A9}.Release|x64.Build.0 = Release|Win32
		{923FD29C-BF1A-49D3-8771-59E5259A7ACD}.Debug|Win32.ActiveCfg = Debug|Win32
		{923FD29C-BF1A-49D3-8771-59E5259A7ACD}.Debug|Win32.Build.0 = Debug|Win32
		{923FD29C-BF1A-49D3-8771-59E5259A7ACD}.Debug|x64.ActiveCfg = Debug|Win32
		{923FD29C-BF1A-49D3-8771-59E5259A7ACD}.Debug|x64.Build.0 = Debug|Win32
		{923FD29C-BF1A-49D3-8771-59E5259A7ACD}.Release|Win32.ActiveCfg = Release|Win32
		{923FD29C-BF1A-49D3-8771-59E5259A7ACD}.Release|Win32.Build.0 = Release|Win32
		{923FD29C-BF1A-49D3-8771-59E5259A7ACD}.Release|x64.ActiveCfg = Release|Win32
		{923FD29C-BF1A-49D3-8771-59E5259A7ACD}.Release|x64.Build.0 = Release|Win32
		{DCD6131E-89F0-4123-9831-8E1A515F7450}.Debug|Win32.ActiveCfg = Debug|Win32
		{DCD6131E-89F0-4123-9831-8E1A515F7450}.Debug|Win32.Build.0 = Debug|Win32
		{DCD6131E-89F0-4123-9831-8E1A515F7450}.Debug|x64.ActiveCfg = Debug|x64
		{DCD6131E-89F0-4123-9831-8E1A515F7450}.Debug|x64.Build.0 = Debug|x64
		{DCD6131E-89F0-4123-9831-8E1A515F7450}.Release|Win32.ActiveCfg = Release|Win32
		{DCD6131E-89F0-4123-9831-8E1A515F7450}.Release|Win32.Build.0 = Release|Win32
		{DCD6131E-89F0-4123-9831-8E1A515F7450}.Release|x64.ActiveCfg = Release|x64
		{DCD6131E-89F0-4123-9831-8E1A515F7450}.Release|x64.Build.0 = Release|x64
		{DCD6131E-89F0-4123-9831-8E1A515F745E}.Debug|Win32.ActiveCfg = Debug|Win32
		{DCD6131E-89F0-4123-9831-8E1A515F745E}.Debug|Win32.Build.0 = Debug|Win32
		{DCD6131E-89F0-4123-9831-8E1A515F745E}.Debug|x64.ActiveCfg = Debug|x64
		{DCD6131E-89F0-4123-9831-8E1A515F745E}.Debug|x64.Build.0 = Debug|x64
		{DCD6131E-89F0-4123-9831-8E1A515F745E}.Release|Win32.ActiveCfg = Release|Win32
		{DCD6131E-89F0-4123-9831-8E1A515F745E}.Release|Win32.Build.0 = Release|Win32
		{DCD6131E-89F0-4123-9831-8E1A515F745E}.Release|x64.ActiveCfg = Release|x64
		{DCD6131E-89F0-4123-9831-8E1A515F745E}.Release|x64.Build.0 = Release|x64
		{DCD6131E-89F0-4123-9831-8E1A515F745D}.Debug|Win32.ActiveCfg = Debug|Win32
		{DCD6131E-89F0-4123-9831-8E1A515F745D}.Debug|Win32.Build.0 = Debug|Win32
		{DCD6131E-89F0-4123-9831-8E1A515F745D}.Debug|x64.ActiveCfg = Debug|x64
		{DCD6131E-89F0-4123-9831-8E1A515F745D}.Debug|x64.Build.0 = Debug|x64
		{DCD6131E-89F0-4123-9831-8E1A515F745D}.Release|Win32.ActiveCfg = Release|Win32
		{DCD6131E-89F0-4123-9831-8E1A515F745D}.Release|Win32.Build.0 = Release|Win32
		{DCD6131E-89F0-4123-9831-8E1A515F745D}.Release|x64.ActiveCfg = Release|x64
		{DCD6131E-89F0-4123-9831-8E1A515F745D}.Release|x64.Build.0 = Release|x64
		{DCD6131E-89F0-4123-9831-8E1A515F7404}.Debug|Win32.ActiveCfg = Debug|Win32
		{DCD6131E-89F0-4123-9831-8E1A515F7404}.Debug|Win32.Build.0 = Debug|Win32
		{DCD6131E-89F0-4123-9831-8E1A515F7404}.Debug|x64.ActiveCfg = Debug|x64
		{DCD6131E-89F0-4123-9831-8E1A515F7404}.Debug|x64.Build.0 = Debug|x64
		{DCD6131E-89F0-4123-9831-8E1A515F7404}.Release|Win32.ActiveCfg = Release|Win32
		{DCD6131E-89F0-4123-9831-8E1A515F7404}.Release|Win32.Build.0 = Release|Win32
		{DCD6131E-89F0-4123-9831-8E1A515F7404}.Release|x64.ActiveCfg = Release|x64
		{DCD6131E-89F0-4123-9831-8E1A515F7404}.Release|x64.Build.0 = Release|x64
		{8FBC691B-D1E0-40F9-8943-4B45A8BEF10A}.Debug|Win32.ActiveCfg = Debug|Win32
		{8FBC691B-D1E0-40F9-8943-4B45A8BEF10A}.Debug|Win32.Build.0 = Debug|Win32
		{8FBC691B-D1E0-40F9-8943-4B45A8BEF10A}.Debug|x64.ActiveCfg = Debug|x64
		{8FBC691B-D1E0-40F9-8943-4B45A8BEF10A}.Debug|x64.Build.0 = Debug|x64
		{8FBC691B-D1E0-40F9-8943-4B45A8BEF10A}.Release|Win32.ActiveCfg = Release|Win32
		{8FBC691B-D1E0-40F9-8943-4B45A8BEF10A}.Release|Win32.Build.0 = Release|Win32
		{8FBC691B-D1E0-40F9-8943-4B45A8BEF10A}.Release|x64.ActiveCfg = Release|x64
		{8FBC691B-D1E0-40F9-8943-4B45A8BEF10A}.Release|x64.Build.0 = Release|x64
	EndGlobalSection
	GlobalSection(SolutionProperties) = preSolution
		HideSolutionNode = FALSE
	EndGlobalSection
	GlobalSection(NestedProjects) = preSolution
		{01ED3B3B-8B26-43DD-8BBF-FA0FCB58C4A9} = {C72027FF-178A-4CD7-AAC0-082EE8CEB49A}
		{923FD29C-BF1A-49D3-8771-59E5259A7ACD} = {C72027FF-178A-4CD7-AAC0-082EE8CEB49A}
		{DCD6131E-89F0-4123-9831-8E1A515F745C} = {0178EC46-DC39-48FB-B938-F903E4E91DFB}
		{8FBC691B-D1E0-40F9-8943-4B45A8BEF1EF} = {0178EC46-DC39-48FB-B938-F903E4E91DFB}
		{8FBC691B-D1E0-40F9-8943-4B45A8BEF1ED} = {0178EC46-DC39-48FB-B938-F903E4E91DFB}
		{DCD6131E-89F0-4123-9831-8E1A515F7450} = {0178EC46-DC39-48FB-B938-F903E4E91DFB}
		{DCD6131E-89F0-4123-9831-8E1A515F745E} = {0178EC46-DC39-48FB-B938-F903E4E91DFB}
		{DCD6131E-89F0-4123-9831-8E1A515F745D} = {0178EC46-DC39-48FB-B938-F903E4E91DFB}
		{DCD6131E-89F0-4123-9831-8E1A515F7404} = {0178EC46-DC39-48FB-B938-F903E4E91DFB}
		{8FBC691B-D1E0-40F9-8943-4B45A8BEF10A} = {0178EC46-DC39-48FB-B938-F903E4E91DFB}
	EndGlobalSection
	GlobalSection(DPCodeReviewSolutionGUID) = preSolution
		DPCodeReviewSolutionGUID = {00000000-0000-0000-0000-000000000000}
	EndGlobalSection
EndGlobal
