<?xml version="1.0" encoding="utf-8"?>
<Project ToolsVersion="4.0" xmlns="http://schemas.microsoft.com/developer/msbuild/2003">
  <ItemGroup>
    <Filter Include="Source Files">
      <UniqueIdentifier>{b099a2b8-ef95-44d3-ba15-a972e5aeb88c}</UniqueIdentifier>
      <Extensions>cpp;c;cxx;def;odl;idl;hpj;bat;asm</Extensions>
    </Filter>
    <Filter Include="Header Files">
      <UniqueIdentifier>{450aa244-3881-4df9-bdc9-aea9e3455b25}</UniqueIdentifier>
      <Extensions>h;hpp;hxx;hm;inl;inc</Extensions>
    </Filter>
    <Filter Include="Resource Files">
      <UniqueIdentifier>{e3f56f15-8f6e-4d65-96f9-abbd5375538f}</UniqueIdentifier>
      <Extensions>p_;rc;ico;cur;bmp;dlg;rc2;rct;bin;rgs;gif;jpg;jpeg;jpe</Extensions>
    </Filter>
  </ItemGroup>
  <ItemGroup>
    <ClCompile Include="Entity.cpp">
      <Filter>Source Files</Filter>
    </ClCompile>
    <ClCompile Include="OptionsDlg.cpp">
      <Filter>Source Files</Filter>
    </ClCompile>
    <ClCompile Include="SageThumbs.cpp">
      <Filter>Source Files</Filter>
    </ClCompile>
    <ClCompile Include="SQLite.cpp">
      <Filter>Source Files</Filter>
    </ClCompile>
    <ClCompile Include="stdafx.cpp">
      <Filter>Source Files</Filter>
    </ClCompile>
    <ClCompile Include="Thumb.cpp">
      <Filter>Source Files</Filter>
    </ClCompile>
  </ItemGroup>
  <ItemGroup>
    <None Include="SageThumbs.def">
      <Filter>Source Files</Filter>
    </None>
    <None Include="res\SageThumbs.bmp">
      <Filter>Resource Files</Filter>
    </None>
    <None Include="res\SageThumbs.ico">
      <Filter>Resource Files</Filter>
    </None>
    <None Include="res\SageThumbs.rc2">
      <Filter>Resource Files</Filter>
    </None>
    <None Include="res\SageThumbs.rgs">
      <Filter>Resource Files</Filter>
    </None>
    <None Include="res\Thumb.rgs">
      <Filter>Resource Files</Filter>
    </None>
    <None Include="..\license.txt" />
    <None Include="..\ReadMe.txt" />
    <None Include="..\SageThumbs Online.url" />
    <None Include="sagethumbs.dll.04.po_">
      <Filter>Resource Files</Filter>
    </None>
    <None Include="sagethumbs.dll.07.po_">
      <Filter>Resource Files</Filter>
    </None>
    <None Include="sagethumbs.dll.0a.po_">
      <Filter>Resource Files</Filter>
    </None>
    <None Include="sagethumbs.dll.0c.po_">
      <Filter>Resource Files</Filter>
    </None>
    <None Include="sagethumbs.dll.0d.po_">
      <Filter>Resource Files</Filter>
    </None>
    <None Include="sagethumbs.dll.0e.po_">
      <Filter>Resource Files</Filter>
    </None>
    <None Include="sagethumbs.dll.10.po_">
      <Filter>Resource Files</Filter>
    </None>
    <None Include="sagethumbs.dll.11.po_">
      <Filter>Resource Files</Filter>
    </None>
    <None Include="sagethumbs.dll.12.po_">
      <Filter>Resource Files</Filter>
    </None>
    <None Include="sagethumbs.dll.15.po_">
      <Filter>Resource Files</Filter>
    </None>
    <None Include="sagethumbs.dll.16.po_">
      <Filter>Resource Files</Filter>
    </None>
    <None Include="sagethumbs.dll.19.po_">
      <Filter>Resource Files</Filter>
    </None>
    <None Include="sagethumbs.dll.1d.po_">
      <Filter>Resource Files</Filter>
    </None>
    <None Include="sagethumbs.dll.1f.po_">
      <Filter>Resource Files</Filter>
    </None>
    <None Include="sagethumbs.dll.21.po_">
      <Filter>Resource Files</Filter>
    </None>
    <None Include="sagethumbs.dll.29.po_">
      <Filter>Resource Files</Filter>
    </None>
    <None Include="sagethumbs.dll.7c04.po_">
      <Filter>Resource Files</Filter>
    </None>
    <None Include="..\sagethumbs.xml" />
  </ItemGroup>
  <ItemGroup>
    <ClInclude Include="Entity.h">
      <Filter>Header Files</Filter>
    </ClInclude>
    <ClInclude Include="..\gfl\libgfl.h">
      <Filter>Header Files</Filter>
    </ClInclude>
    <ClInclude Include="..\gfl\libgfle.h">
      <Filter>Header Files</Filter>
    </ClInclude>
    <ClInclude Include="OptionsDlg.h">
      <Filter>Header Files</Filter>
    </ClInclude>
    <ClInclude Include="Resource.h">
      <Filter>Header Files</Filter>
    </ClInclude>
    <ClInclude Include="SageThumbs.h">
      <Filter>Header Files</Filter>
    </ClInclude>
    <ClInclude Include="SQLite.h">
      <Filter>Header Files</Filter>
    </ClInclude>
    <ClInclude Include="stdafx.h">
      <Filter>Header Files</Filter>
    </ClInclude>
    <ClInclude Include="Thumb.h">
      <Filter>Header Files</Filter>
    </ClInclude>
  </ItemGroup>
  <ItemGroup>
    <ResourceCompile Include="SageThumbs.rc">
      <Filter>Resource Files</Filter>
    </ResourceCompile>
  </ItemGroup>
</Project>